{
  "name": "ds proto",
  "lockfileVersion": 2,
  "requires": true,
  "packages": {
    "": {
      "dependencies": {
        "peasy-ui": "^0.9.15"
      }
    },
    "node_modules/peasy-ui": {
      "version": "0.9.15",
      "resolved": "https://registry.npmjs.org/peasy-ui/-/peasy-ui-0.9.15.tgz",
      "integrity": "sha512-JWEwaWXMD/Wndd6QPRtH/GEM5MAl77ycHR6fYg5xf9gLr+w3jYB16tSZSQ+BBdPhW1MDa2EI3QImzeTy632vNQ=="
    }
  },
  "dependencies": {
    "peasy-ui": {
      "version": "0.9.15",
      "resolved": "https://registry.npmjs.org/peasy-ui/-/peasy-ui-0.9.15.tgz",
      "integrity": "sha512-JWEwaWXMD/Wndd6QPRtH/GEM5MAl77ycHR6fYg5xf9gLr+w3jYB16tSZSQ+BBdPhW1MDa2EI3QImzeTy632vNQ=="
    }
  }
}
